
Microsoft Visual Studio Solution File, Format Version 12.00
# Visual Studio Version 17
VisualStudioVersion = 17.7.34003.232
MinimumVisualStudioVersion = 10.0.40219.1
Project("{FAE04EC0-301F-11D3-BF4B-00C04F79EFBC}") = "neco", "neco\neco.csproj", "{9F7213CA-261E-437D-A41F-CD6B63D96B90}"
EndProject
Global
	GlobalSection(SolutionConfigurationPlatforms) = preSolution
		Debug|Any CPU = Debug|Any CPU
		Release|Any CPU = Release|Any CPU
	EndGlobalSection
	GlobalSection(ProjectConfigurationPlatforms) = postSolution
		{9F7213CA-261E-437D-A41F-CD6B63D96B90}.Debug|Any CPU.ActiveCfg = Debug|Any CPU
		{9F7213CA-261E-437D-A41F-CD6B63D96B90}.Debug|Any CPU.Build.0 = Debug|Any CPU
		{9F7213CA-261E-437D-A41F-CD6B63D96B90}.Release|Any CPU.ActiveCfg = Release|Any CPU
		{9F7213CA-261E-437D-A41F-CD6B63D96B90}.Release|Any CPU.Build.0 = Release|Any CPU
	EndGlobalSection
	GlobalSection(SolutionProperties) = preSolution
		HideSolutionNode = FALSE
	EndGlobalSection
	GlobalSection(ExtensibilityGlobals) = postSolution
		SolutionGuid = {70D69365-5D0E-4BCB-B8B8-E476E8AAEEE5}
	EndGlobalSection
EndGlobal
