
Microsoft Visual Studio Solution File, Format Version 12.00
# Visual Studio Version 17
VisualStudioVersion = 17.7.34003.232
MinimumVisualStudioVersion = 10.0.40219.1
Project("{FAE04EC0-301F-11D3-BF4B-00C04F79EFBC}") = "poleUvod", "poleUvod\poleUvod.csproj", "{918FFFFE-0181-44E0-A176-3FFD0826544E}"
EndProject
Global
	GlobalSection(SolutionConfigurationPlatforms) = preSolution
		Debug|Any CPU = Debug|Any CPU
		Release|Any CPU = Release|Any CPU
	EndGlobalSection
	GlobalSection(ProjectConfigurationPlatforms) = postSolution
		{918FFFFE-0181-44E0-A176-3FFD0826544E}.Debug|Any CPU.ActiveCfg = Debug|Any CPU
		{918FFFFE-0181-44E0-A176-3FFD0826544E}.Debug|Any CPU.Build.0 = Debug|Any CPU
		{918FFFFE-0181-44E0-A176-3FFD0826544E}.Release|Any CPU.ActiveCfg = Release|Any CPU
		{918FFFFE-0181-44E0-A176-3FFD0826544E}.Release|Any CPU.Build.0 = Release|Any CPU
	EndGlobalSection
	GlobalSection(SolutionProperties) = preSolution
		HideSolutionNode = FALSE
	EndGlobalSection
	GlobalSection(ExtensibilityGlobals) = postSolution
		SolutionGuid = {4145D32A-1F2A-4861-B3A8-2A1C9120D6B9}
	EndGlobalSection
EndGlobal
