
Microsoft Visual Studio Solution File, Format Version 12.00
# Visual Studio Version 17
VisualStudioVersion = 17.7.34003.232
MinimumVisualStudioVersion = 10.0.40219.1
Project("{FAE04EC0-301F-11D3-BF4B-00C04F79EFBC}") = "vaicova_projekt", "vaicova_projekt\vaicova_projekt.csproj", "{9E4611CA-5D76-4C49-B7F9-94E266F4D882}"
EndProject
Global
	GlobalSection(SolutionConfigurationPlatforms) = preSolution
		Debug|Any CPU = Debug|Any CPU
		Release|Any CPU = Release|Any CPU
	EndGlobalSection
	GlobalSection(ProjectConfigurationPlatforms) = postSolution
		{9E4611CA-5D76-4C49-B7F9-94E266F4D882}.Debug|Any CPU.ActiveCfg = Debug|Any CPU
		{9E4611CA-5D76-4C49-B7F9-94E266F4D882}.Debug|Any CPU.Build.0 = Debug|Any CPU
		{9E4611CA-5D76-4C49-B7F9-94E266F4D882}.Release|Any CPU.ActiveCfg = Release|Any CPU
		{9E4611CA-5D76-4C49-B7F9-94E266F4D882}.Release|Any CPU.Build.0 = Release|Any CPU
	EndGlobalSection
	GlobalSection(SolutionProperties) = preSolution
		HideSolutionNode = FALSE
	EndGlobalSection
	GlobalSection(ExtensibilityGlobals) = postSolution
		SolutionGuid = {BC9A5A7C-B855-4422-A1D8-B8BA6554D4A9}
	EndGlobalSection
EndGlobal
