
Microsoft Visual Studio Solution File, Format Version 12.00
# Visual Studio Version 17
VisualStudioVersion = 17.7.34003.232
MinimumVisualStudioVersion = 10.0.40219.1
Project("{FAE04EC0-301F-11D3-BF4B-00C04F79EFBC}") = "PocetSousedu", "PocetSousedu\PocetSousedu.csproj", "{9C27FF87-A2B8-4C02-85B4-0E230CC7BB08}"
EndProject
Global
	GlobalSection(SolutionConfigurationPlatforms) = preSolution
		Debug|Any CPU = Debug|Any CPU
		Release|Any CPU = Release|Any CPU
	EndGlobalSection
	GlobalSection(ProjectConfigurationPlatforms) = postSolution
		{9C27FF87-A2B8-4C02-85B4-0E230CC7BB08}.Debug|Any CPU.ActiveCfg = Debug|Any CPU
		{9C27FF87-A2B8-4C02-85B4-0E230CC7BB08}.Debug|Any CPU.Build.0 = Debug|Any CPU
		{9C27FF87-A2B8-4C02-85B4-0E230CC7BB08}.Release|Any CPU.ActiveCfg = Release|Any CPU
		{9C27FF87-A2B8-4C02-85B4-0E230CC7BB08}.Release|Any CPU.Build.0 = Release|Any CPU
	EndGlobalSection
	GlobalSection(SolutionProperties) = preSolution
		HideSolutionNode = FALSE
	EndGlobalSection
	GlobalSection(ExtensibilityGlobals) = postSolution
		SolutionGuid = {6B2172A1-7078-49AC-82FA-1CB62AB5F158}
	EndGlobalSection
EndGlobal
